PODS:
  - CocoaLumberjack (1.9.2):
    - CocoaLumberjack/Extensions (= 1.9.2)
  - CocoaLumberjack/Core (1.9.2)
  - CocoaLumberjack/Extensions (1.9.2):
    - CocoaLumberjack/Core
  - Expecta (1.0.0)
  - Specta (1.0.2)
  - YapDatabase/standard (2.6.5):
    - CocoaLumberjack (~> 1)
  - YapDatabaseObjectCloudKit (0.1.0):
    - YapDatabase/standard (~> 2.6.0)

DEPENDENCIES:
  - Expecta
  - Specta
  - YapDatabaseObjectCloudKit (from `../`)

EXTERNAL SOURCES:
  YapDatabaseObjectCloudKit:
    :path: "../"

SPEC CHECKSUMS:
  CocoaLumberjack: 628fca2e88ef06f7cf6817309aa405f325d9a6fa
  Expecta: 32604574add2c46a36f8d2f716b6c5736eb75024
  Specta: 9cec98310dca411f7c7ffd6943552b501622abfe
  YapDatabase: 814f9ff862a95c1e581d93335a4020482b69155b
  YapDatabaseObjectCloudKit: 1e266b9373fe64c0d3c048ba43d4f14611691e9c

COCOAPODS: 0.37.2
